
Microsoft Visual Studio Solution File, Format Version 12.00
# Visual Studio Version 17
VisualStudioVersion = 17.8.34330.188
MinimumVisualStudioVersion = 10.0.40219.1
Project("{9A19103F-16F7-4668-BE54-9A1E7A4F7556}") = "Day01", "Solutions\Day01\Day01.csproj", "{44479A45-F925-4D83-B9CE-48CC4675DAFD}"
EndProject
Project("{9A19103F-16F7-4668-BE54-9A1E7A4F7556}") = "Day02", "Solutions\Day02\Day02.csproj", "{D47063D1-402B-440D-AEC2-CE5B6B2465CB}"
EndProject
Project("{9A19103F-16F7-4668-BE54-9A1E7A4F7556}") = "Day03", "Solutions\Day03\Day03.csproj", "{E7E4C991-7B5B-45BA-9C6A-108C855EF672}"
EndProject
Project("{2150E333-8FDC-42A3-9474-1A3956D46DE8}") = "Solution Items", "Solution Items", "{37D95A76-3821-4F3F-A6E7-A49C22A44088}"
	ProjectSection(SolutionItems) = preProject
		.editorconfig = .editorconfig
	EndProjectSection
EndProject
Project("{9A19103F-16F7-4668-BE54-9A1E7A4F7556}") = "Day04", "Solutions\Day04\Day04.csproj", "{288AE5DC-DF51-47E7-91A8-97E852CAFD33}"
EndProject
Project("{9A19103F-16F7-4668-BE54-9A1E7A4F7556}") = "Day05", "Solutions\Day05\Day05.csproj", "{FEC871A4-097E-48D2-AC16-63F0CD3D1A1E}"
EndProject
Project("{9A19103F-16F7-4668-BE54-9A1E7A4F7556}") = "Day06", "Solutions\Day06\Day06.csproj", "{30504C10-9320-4D6C-955E-729E57B068C0}"
EndProject
Project("{9A19103F-16F7-4668-BE54-9A1E7A4F7556}") = "Day07", "Solutions\Day07\Day07.csproj", "{FCD7E80A-1E1A-47A3-BD54-0A07095FD5EE}"
EndProject
Project("{9A19103F-16F7-4668-BE54-9A1E7A4F7556}") = "Day08", "Solutions\Day08\Day08.csproj", "{C05B9E17-D100-49C2-823B-58DD7D591A34}"
EndProject
Project("{9A19103F-16F7-4668-BE54-9A1E7A4F7556}") = "Day09", "Solutions\Day09\Day09.csproj", "{784D9DB4-F748-4172-9CC8-946AB5530376}"
EndProject
Project("{FAE04EC0-301F-11D3-BF4B-00C04F79EFBC}") = "Day10", "Solutions\Day10\Day10.csproj", "{A7200838-C555-4AC9-8CBA-6ED81EB0CEB3}"
EndProject
Global
	GlobalSection(SolutionConfigurationPlatforms) = preSolution
		Debug|Any CPU = Debug|Any CPU
		Release|Any CPU = Release|Any CPU
	EndGlobalSection
	GlobalSection(ProjectConfigurationPlatforms) = postSolution
		{44479A45-F925-4D83-B9CE-48CC4675DAFD}.Debug|Any CPU.ActiveCfg = Debug|Any CPU
		{44479A45-F925-4D83-B9CE-48CC4675DAFD}.Debug|Any CPU.Build.0 = Debug|Any CPU
		{44479A45-F925-4D83-B9CE-48CC4675DAFD}.Release|Any CPU.ActiveCfg = Release|Any CPU
		{44479A45-F925-4D83-B9CE-48CC4675DAFD}.Release|Any CPU.Build.0 = Release|Any CPU
		{D47063D1-402B-440D-AEC2-CE5B6B2465CB}.Debug|Any CPU.ActiveCfg = Debug|Any CPU
		{D47063D1-402B-440D-AEC2-CE5B6B2465CB}.Debug|Any CPU.Build.0 = Debug|Any CPU
		{D47063D1-402B-440D-AEC2-CE5B6B2465CB}.Release|Any CPU.ActiveCfg = Release|Any CPU
		{D47063D1-402B-440D-AEC2-CE5B6B2465CB}.Release|Any CPU.Build.0 = Release|Any CPU
		{E7E4C991-7B5B-45BA-9C6A-108C855EF672}.Debug|Any CPU.ActiveCfg = Debug|Any CPU
		{E7E4C991-7B5B-45BA-9C6A-108C855EF672}.Debug|Any CPU.Build.0 = Debug|Any CPU
		{E7E4C991-7B5B-45BA-9C6A-108C855EF672}.Release|Any CPU.ActiveCfg = Release|Any CPU
		{E7E4C991-7B5B-45BA-9C6A-108C855EF672}.Release|Any CPU.Build.0 = Release|Any CPU
		{288AE5DC-DF51-47E7-91A8-97E852CAFD33}.Debug|Any CPU.ActiveCfg = Debug|Any CPU
		{288AE5DC-DF51-47E7-91A8-97E852CAFD33}.Debug|Any CPU.Build.0 = Debug|Any CPU
		{288AE5DC-DF51-47E7-91A8-97E852CAFD33}.Release|Any CPU.ActiveCfg = Release|Any CPU
		{288AE5DC-DF51-47E7-91A8-97E852CAFD33}.Release|Any CPU.Build.0 = Release|Any CPU
		{FEC871A4-097E-48D2-AC16-63F0CD3D1A1E}.Debug|Any CPU.ActiveCfg = Debug|Any CPU
		{FEC871A4-097E-48D2-AC16-63F0CD3D1A1E}.Debug|Any CPU.Build.0 = Debug|Any CPU
		{FEC871A4-097E-48D2-AC16-63F0CD3D1A1E}.Release|Any CPU.ActiveCfg = Release|Any CPU
		{FEC871A4-097E-48D2-AC16-63F0CD3D1A1E}.Release|Any CPU.Build.0 = Release|Any CPU
		{30504C10-9320-4D6C-955E-729E57B068C0}.Debug|Any CPU.ActiveCfg = Debug|Any CPU
		{30504C10-9320-4D6C-955E-729E57B068C0}.Debug|Any CPU.Build.0 = Debug|Any CPU
		{30504C10-9320-4D6C-955E-729E57B068C0}.Release|Any CPU.ActiveCfg = Release|Any CPU
		{30504C10-9320-4D6C-955E-729E57B068C0}.Release|Any CPU.Build.0 = Release|Any CPU
		{FCD7E80A-1E1A-47A3-BD54-0A07095FD5EE}.Debug|Any CPU.ActiveCfg = Debug|Any CPU
		{FCD7E80A-1E1A-47A3-BD54-0A07095FD5EE}.Debug|Any CPU.Build.0 = Debug|Any CPU
		{FCD7E80A-1E1A-47A3-BD54-0A07095FD5EE}.Release|Any CPU.ActiveCfg = Release|Any CPU
		{FCD7E80A-1E1A-47A3-BD54-0A07095FD5EE}.Release|Any CPU.Build.0 = Release|Any CPU
		{C05B9E17-D100-49C2-823B-58DD7D591A34}.Debug|Any CPU.ActiveCfg = Debug|Any CPU
		{C05B9E17-D100-49C2-823B-58DD7D591A34}.Debug|Any CPU.Build.0 = Debug|Any CPU
		{C05B9E17-D100-49C2-823B-58DD7D591A34}.Release|Any CPU.ActiveCfg = Release|Any CPU
		{C05B9E17-D100-49C2-823B-58DD7D591A34}.Release|Any CPU.Build.0 = Release|Any CPU
		{784D9DB4-F748-4172-9CC8-946AB5530376}.Debug|Any CPU.ActiveCfg = Debug|Any CPU
		{784D9DB4-F748-4172-9CC8-946AB5530376}.Debug|Any CPU.Build.0 = Debug|Any CPU
		{784D9DB4-F748-4172-9CC8-946AB5530376}.Release|Any CPU.ActiveCfg = Release|Any CPU
		{784D9DB4-F748-4172-9CC8-946AB5530376}.Release|Any CPU.Build.0 = Release|Any CPU
		{A7200838-C555-4AC9-8CBA-6ED81EB0CEB3}.Debug|Any CPU.ActiveCfg = Debug|Any CPU
		{A7200838-C555-4AC9-8CBA-6ED81EB0CEB3}.Debug|Any CPU.Build.0 = Debug|Any CPU
		{A7200838-C555-4AC9-8CBA-6ED81EB0CEB3}.Release|Any CPU.ActiveCfg = Release|Any CPU
		{A7200838-C555-4AC9-8CBA-6ED81EB0CEB3}.Release|Any CPU.Build.0 = Release|Any CPU
	EndGlobalSection
	GlobalSection(SolutionProperties) = preSolution
		HideSolutionNode = FALSE
	EndGlobalSection
	GlobalSection(ExtensibilityGlobals) = postSolution
		SolutionGuid = {30B94D11-F677-4368-8CBC-C470BDD59B58}
	EndGlobalSection
EndGlobal
